// !$*UTF8*$!
{
	archiveVersion = 1;
	classes = {
	};
	objectVersion = 55;
	objects = {

/* Begin PBXBuildFile section */
		21B1BAFDC0752200F8D08115 /* Pods_CreditCardList.framework in Frameworks */ = {isa = PBXBuildFile; fileRef = D5451904D7170383BCB3CBE9 /* Pods_CreditCardList.framework */; };
		C245B2AF270302F500AC64E1 /* GoogleService-Info.plist in Resources */ = {isa = PBXBuildFile; fileRef = C245B2AE270302F500AC64E1 /* GoogleService-Info.plist */; };
		C28153352701C8F2006875E8 /* CreditCardTableViewCell.swift in Sources */ = {isa = PBXBuildFile; fileRef = C28153332701C8F2006875E8 /* CreditCardTableViewCell.swift */; };
		C28153362701C8F2006875E8 /* CreditCardTableViewCell.xib in Resources */ = {isa = PBXBuildFile; fileRef = C28153342701C8F2006875E8 /* CreditCardTableViewCell.xib */; };
		C28153382701D9CA006875E8 /* money.json in Resources */ = {isa = PBXBuildFile; fileRef = C28153372701D9CA006875E8 /* money.json */; };
		C281533A2701DAEF006875E8 /* PromotionDetailViewController.swift in Sources */ = {isa = PBXBuildFile; fileRef = C28153392701DAEF006875E8 /* PromotionDetailViewController.swift */; };
		C2B911C12700C79C00C31D1B /* AppDelegate.swift in Sources */ = {isa = PBXBuildFile; fileRef = C2B911C02700C79C00C31D1B /* AppDelegate.swift */; };
		C2B911C32700C79C00C31D1B /* SceneDelegate.swift in Sources */ = {isa = PBXBuildFile; fileRef = C2B911C22700C79C00C31D1B /* SceneDelegate.swift */; };
		C2B911C82700C79C00C31D1B /* Main.storyboard in Resources */ = {isa = PBXBuildFile; fileRef = C2B911C62700C79C00C31D1B /* Main.storyboard */; };
		C2B911CA2700C79C00C31D1B /* Assets.xcassets in Resources */ = {isa = PBXBuildFile; fileRef = C2B911C92700C79C00C31D1B /* Assets.xcassets */; };
		C2B911CD2700C79C00C31D1B /* LaunchScreen.storyboard in Resources */ = {isa = PBXBuildFile; fileRef = C2B911CB2700C79C00C31D1B /* LaunchScreen.storyboard */; };
		C2B911D52700C7BE00C31D1B /* CardListViewController.swift in Sources */ = {isa = PBXBuildFile; fileRef = C2B911D42700C7BE00C31D1B /* CardListViewController.swift */; };
		C2B911D82700C87000C31D1B /* CreditCard.swift in Sources */ = {isa = PBXBuildFile; fileRef = C2B911D72700C87000C31D1B /* CreditCard.swift */; };
/* End PBXBuildFile section */

/* Begin PBXFileReference section */
		715EE5C451BE039596CC7956 /* Pods-CreditCardList.release.xcconfig */ = {isa = PBXFileReference; includeInIndex = 1; lastKnownFileType = text.xcconfig; name = "Pods-CreditCardList.release.xcconfig"; path = "Target Support Files/Pods-CreditCardList/Pods-CreditCardList.release.xcconfig"; sourceTree = "<group>"; };
		BB4DF2B2BC76D2E45A9E524E /* Pods-CreditCardList.debug.xcconfig */ = {isa = PBXFileReference; includeInIndex = 1; lastKnownFileType = text.xcconfig; name = "Pods-CreditCardList.debug.xcconfig"; path = "Target Support Files/Pods-CreditCardList/Pods-CreditCardList.debug.xcconfig"; sourceTree = "<group>"; };
		C245B2AE270302F500AC64E1 /* GoogleService-Info.plist */ = {isa = PBXFileReference; fileEncoding = 4; lastKnownFileType = text.plist.xml; path = "GoogleService-Info.plist"; sourceTree = "<group>"; };
		C28153332701C8F2006875E8 /* CreditCardTableViewCell.swift */ = {isa = PBXFileReference; lastKnownFileType = sourcecode.swift; path = CreditCardTableViewCell.swift; sourceTree = "<group>"; };
		C28153342701C8F2006875E8 /* CreditCardTableViewCell.xib */ = {isa = PBXFileReference; lastKnownFileType = file.xib; path = CreditCardTableViewCell.xib; sourceTree = "<group>"; };
		C28153372701D9CA006875E8 /* money.json */ = {isa = PBXFileReference; fileEncoding = 4; lastKnownFileType = text.json; path = money.json; sourceTree = "<group>"; };
		C28153392701DAEF006875E8 /* PromotionDetailViewController.swift */ = {isa = PBXFileReference; lastKnownFileType = sourcecode.swift; path = PromotionDetailViewController.swift; sourceTree = "<group>"; };
		C2B911BD2700C79C00C31D1B /* CreditCardList.app */ = {isa = PBXFileReference; explicitFileType = wrapper.application; includeInIndex = 0; path = CreditCardList.app; sourceTree = BUILT_PRODUCTS_DIR; };
		C2B911C02700C79C00C31D1B /* AppDelegate.swift */ = {isa = PBXFileReference; lastKnownFileType = sourcecode.swift; path = AppDelegate.swift; sourceTree = "<group>"; };
		C2B911C22700C79C00C31D1B /* SceneDelegate.swift */ = {isa = PBXFileReference; lastKnownFileType = sourcecode.swift; path = SceneDelegate.swift; sourceTree = "<group>"; };
		C2B911C72700C79C00C31D1B /* Base */ = {isa = PBXFileReference; lastKnownFileType = file.storyboard; name = Base; path = Base.lproj/Main.storyboard; sourceTree = "<group>"; };
		C2B911C92700C79C00C31D1B /* Assets.xcassets */ = {isa = PBXFileReference; lastKnownFileType = folder.assetcatalog; path = Assets.xcassets; sourceTree = "<group>"; };
		C2B911CC2700C79C00C31D1B /* Base */ = {isa = PBXFileReference; lastKnownFileType = file.storyboard; name = Base; path = Base.lproj/LaunchScreen.storyboard; sourceTree = "<group>"; };
		C2B911CE2700C79C00C31D1B /* Info.plist */ = {isa = PBXFileReference; lastKnownFileType = text.plist.xml; path = Info.plist; sourceTree = "<group>"; };
		C2B911D42700C7BE00C31D1B /* CardListViewController.swift */ = {isa = PBXFileReference; lastKnownFileType = sourcecode.swift; path = CardListViewController.swift; sourceTree = "<group>"; };
		C2B911D72700C87000C31D1B /* CreditCard.swift */ = {isa = PBXFileReference; lastKnownFileType = sourcecode.swift; path = CreditCard.swift; sourceTree = "<group>"; };
		D5451904D7170383BCB3CBE9 /* Pods_CreditCardList.framework */ = {isa = PBXFileReference; explicitFileType = wrapper.framework; includeInIndex = 0; path = Pods_CreditCardList.framework; sourceTree = BUILT_PRODUCTS_DIR; };
/* End PBXFileReference section */

/* Begin PBXFrameworksBuildPhase section */
		C2B911BA2700C79C00C31D1B /* Frameworks */ = {
			isa = PBXFrameworksBuildPhase;
			buildActionMask = 2147483647;
			files = (
				21B1BAFDC0752200F8D08115 /* Pods_CreditCardList.framework in Frameworks */,
			);
			runOnlyForDeploymentPostprocessing = 0;
		};
/* End PBXFrameworksBuildPhase section */

/* Begin PBXGroup section */
		7163EDC154F69A005A0DF515 /* Frameworks */ = {
			isa = PBXGroup;
			children = (
				D5451904D7170383BCB3CBE9 /* Pods_CreditCardList.framework */,
			);
			name = Frameworks;
			sourceTree = "<group>";
		};
		8F2F7F403F4A27F6E91D64A3 /* Pods */ = {
			isa = PBXGroup;
			children = (
				BB4DF2B2BC76D2E45A9E524E /* Pods-CreditCardList.debug.xcconfig */,
				715EE5C451BE039596CC7956 /* Pods-CreditCardList.release.xcconfig */,
			);
			path = Pods;
			sourceTree = "<group>";
		};
		C281533B2701DEAE006875E8 /* Models */ = {
			isa = PBXGroup;
			children = (
				C2B911D72700C87000C31D1B /* CreditCard.swift */,
			);
			path = Models;
			sourceTree = "<group>";
		};
		C281533C2701DEB5006875E8 /* Views */ = {
			isa = PBXGroup;
			children = (
				C28153332701C8F2006875E8 /* CreditCardTableViewCell.swift */,
				C28153342701C8F2006875E8 /* CreditCardTableViewCell.xib */,
				C2B911C62700C79C00C31D1B /* Main.storyboard */,
			);
			path = Views;
			sourceTree = "<group>";
		};
		C281533D2701DEBE006875E8 /* Controllers */ = {
			isa = PBXGroup;
			children = (
				C2B911D42700C7BE00C31D1B /* CardListViewController.swift */,
				C28153392701DAEF006875E8 /* PromotionDetailViewController.swift */,
			);
			path = Controllers;
			sourceTree = "<group>";
		};
		C2B911B42700C79C00C31D1B = {
			isa = PBXGroup;
			children = (
				C2B911BF2700C79C00C31D1B /* CreditCardList */,
				C2B911BE2700C79C00C31D1B /* Products */,
				8F2F7F403F4A27F6E91D64A3 /* Pods */,
				7163EDC154F69A005A0DF515 /* Frameworks */,
			);
			sourceTree = "<group>";
		};
		C2B911BE2700C79C00C31D1B /* Products */ = {
			isa = PBXGroup;
			children = (
				C2B911BD2700C79C00C31D1B /* CreditCardList.app */,
			);
			name = Products;
			sourceTree = "<group>";
		};
		C2B911BF2700C79C00C31D1B /* CreditCardList */ = {
			isa = PBXGroup;
			children = (
				C281533D2701DEBE006875E8 /* Controllers */,
				C281533C2701DEB5006875E8 /* Views */,
				C281533B2701DEAE006875E8 /* Models */,
				C28153372701D9CA006875E8 /* money.json */,
				C2B911C02700C79C00C31D1B /* AppDelegate.swift */,
				C2B911C22700C79C00C31D1B /* SceneDelegate.swift */,
				C2B911C92700C79C00C31D1B /* Assets.xcassets */,
				C2B911CB2700C79C00C31D1B /* LaunchScreen.storyboard */,
				C2B911CE2700C79C00C31D1B /* Info.plist */,
				C245B2AE270302F500AC64E1 /* GoogleService-Info.plist */,
			);
			path = CreditCardList;
			sourceTree = "<group>";
		};
/* End PBXGroup section */

/* Begin PBXNativeTarget section */
		C2B911BC2700C79C00C31D1B /* CreditCardList */ = {
			isa = PBXNativeTarget;
			buildConfigurationList = C2B911D12700C79C00C31D1B /* Build configuration list for PBXNativeTarget "CreditCardList" */;
			buildPhases = (
				E92BDD221298D12AA7B3B681 /* [CP] Check Pods Manifest.lock */,
				C2B911B92700C79C00C31D1B /* Sources */,
				C2B911BA2700C79C00C31D1B /* Frameworks */,
				C2B911BB2700C79C00C31D1B /* Resources */,
				377C14C1DE95F9B18EC1B307 /* [CP] Embed Pods Frameworks */,
			);
			buildRules = (
			);
			dependencies = (
			);
			name = CreditCardList;
			productName = CreditCardList;
			productReference = C2B911BD2700C79C00C31D1B /* CreditCardList.app */;
			productType = "com.apple.product-type.application";
		};
/* End PBXNativeTarget section */

/* Begin PBXProject section */
		C2B911B52700C79C00C31D1B /* Project object */ = {
			isa = PBXProject;
			attributes = {
				BuildIndependentTargetsInParallel = 1;
				LastSwiftUpdateCheck = 1300;
				LastUpgradeCheck = 1300;
				TargetAttributes = {
					C2B911BC2700C79C00C31D1B = {
						CreatedOnToolsVersion = 13.0;
					};
				};
			};
			buildConfigurationList = C2B911B82700C79C00C31D1B /* Build configuration list for PBXProject "CreditCardList" */;
			compatibilityVersion = "Xcode 13.0";
			developmentRegion = en;
			hasScannedForEncodings = 0;
			knownRegions = (
				en,
				Base,
			);
			mainGroup = C2B911B42700C79C00C31D1B;
			productRefGroup = C2B911BE2700C79C00C31D1B /* Products */;
			projectDirPath = "";
			projectRoot = "";
			targets = (
				C2B911BC2700C79C00C31D1B /* CreditCardList */,
			);
		};
/* End PBXProject section */

/* Begin PBXResourcesBuildPhase section */
		C2B911BB2700C79C00C31D1B /* Resources */ = {
			isa = PBXResourcesBuildPhase;
			buildActionMask = 2147483647;
			files = (
				C28153362701C8F2006875E8 /* CreditCardTableViewCell.xib in Resources */,
				C2B911CD2700C79C00C31D1B /* LaunchScreen.storyboard in Resources */,
				C28153382701D9CA006875E8 /* money.json in Resources */,
				C2B911CA2700C79C00C31D1B /* Assets.xcassets in Resources */,
				C2B911C82700C79C00C31D1B /* Main.storyboard in Resources */,
				C245B2AF270302F500AC64E1 /* GoogleService-Info.plist in Resources */,
			);
			runOnlyForDeploymentPostprocessing = 0;
		};
/* End PBXResourcesBuildPhase section */

/* Begin PBXShellScriptBuildPhase section */
		377C14C1DE95F9B18EC1B307 /* [CP] Embed Pods Frameworks */ = {
			isa = PBXShellScriptBuildPhase;
			buildActionMask = 2147483647;
			files = (
			);
			inputFileListPaths = (
				"${PODS_ROOT}/Target Support Files/Pods-CreditCardList/Pods-CreditCardList-frameworks-${CONFIGURATION}-input-files.xcfilelist",
			);
			name = "[CP] Embed Pods Frameworks";
			outputFileListPaths = (
				"${PODS_ROOT}/Target Support Files/Pods-CreditCardList/Pods-CreditCardList-frameworks-${CONFIGURATION}-output-files.xcfilelist",
			);
			runOnlyForDeploymentPostprocessing = 0;
			shellPath = /bin/sh;
			shellScript = "\"${PODS_ROOT}/Target Support Files/Pods-CreditCardList/Pods-CreditCardList-frameworks.sh\"\n";
			showEnvVarsInLog = 0;
		};
		E92BDD221298D12AA7B3B681 /* [CP] Check Pods Manifest.lock */ = {
			isa = PBXShellScriptBuildPhase;
			buildActionMask = 2147483647;
			files = (
			);
			inputFileListPaths = (
			);
			inputPaths = (
				"${PODS_PODFILE_DIR_PATH}/Podfile.lock",
				"${PODS_ROOT}/Manifest.lock",
			);
			name = "[CP] Check Pods Manifest.lock";
			outputFileListPaths = (
			);
			outputPaths = (
				"$(DERIVED_FILE_DIR)/Pods-CreditCardList-checkManifestLockResult.txt",
			);
			runOnlyForDeploymentPostprocessing = 0;
			shellPath = /bin/sh;
			shellScript = "diff \"${PODS_PODFILE_DIR_PATH}/Podfile.lock\" \"${PODS_ROOT}/Manifest.lock\" > /dev/null\nif [ $? != 0 ] ; then\n    # print error to STDERR\n    echo \"error: The sandbox is not in sync with the Podfile.lock. Run 'pod install' or update your CocoaPods installation.\" >&2\n    exit 1\nfi\n# This output is used by Xcode 'outputs' to avoid re-running this script phase.\necho \"SUCCESS\" > \"${SCRIPT_OUTPUT_FILE_0}\"\n";
			showEnvVarsInLog = 0;
		};
/* End PBXShellScriptBuildPhase section */

/* Begin PBXSourcesBuildPhase section */
		C2B911B92700C79C00C31D1B /* Sources */ = {
			isa = PBXSourcesBuildPhase;
			buildActionMask = 2147483647;
			files = (
				C2B911D82700C87000C31D1B /* CreditCard.swift in Sources */,
				C281533A2701DAEF006875E8 /* PromotionDetailViewController.swift in Sources */,
				C2B911D52700C7BE00C31D1B /* CardListViewController.swift in Sources */,
				C2B911C12700C79C00C31D1B /* AppDelegate.swift in Sources */,
				C28153352701C8F2006875E8 /* CreditCardTableViewCell.swift in Sources */,
				C2B911C32700C79C00C31D1B /* SceneDelegate.swift in Sources */,
			);
			runOnlyForDeploymentPostprocessing = 0;
		};
/* End PBXSourcesBuildPhase section */

/* Begin PBXVariantGroup section */
		C2B911C62700C79C00C31D1B /* Main.storyboard */ = {
			isa = PBXVariantGroup;
			children = (
				C2B911C72700C79C00C31D1B /* Base */,
			);
			name = Main.storyboard;
			sourceTree = "<group>";
		};
		C2B911CB2700C79C00C31D1B /* LaunchScreen.storyboard */ = {
			isa = PBXVariantGroup;
			children = (
				C2B911CC2700C79C00C31D1B /* Base */,
			);
			name = LaunchScreen.storyboard;
			sourceTree = "<group>";
		};
/* End PBXVariantGroup section */

/* Begin XCBuildConfiguration section */
		C2B911CF2700C79C00C31D1B /* Debug */ = {
			isa = XCBuildConfiguration;
			buildSettings = {
				ALWAYS_SEARCH_USER_PATHS = NO;
				CLANG_ANALYZER_NONNULL = YES;
				CLANG_ANALYZER_NUMBER_OBJECT_CONVERSION = YES_AGGRESSIVE;
				CLANG_CXX_LANGUAGE_STANDARD = "gnu++17";
				CLANG_CXX_LIBRARY = "libc++";
				CLANG_ENABLE_MODULES = YES;
				CLANG_ENABLE_OBJC_ARC = YES;
				CLANG_ENABLE_OBJC_WEAK = YES;
				CLANG_WARN_BLOCK_CAPTURE_AUTORELEASING = YES;
				CLANG_WARN_BOOL_CONVERSION = YES;
				CLANG_WARN_COMMA = YES;
				CLANG_WARN_CONSTANT_CONVERSION = YES;
				CLANG_WARN_DEPRECATED_OBJC_IMPLEMENTATIONS = YES;
				CLANG_WARN_DIRECT_OBJC_ISA_USAGE = YES_ERROR;
				CLANG_WARN_DOCUMENTATION_COMMENTS = YES;
				CLANG_WARN_EMPTY_BODY = YES;
				CLANG_WARN_ENUM_CONVERSION = YES;
				CLANG_WARN_INFINITE_RECURSION = YES;
				CLANG_WARN_INT_CONVERSION = YES;
				CLANG_WARN_NON_LITERAL_NULL_CONVERSION = YES;
				CLANG_WARN_OBJC_IMPLICIT_RETAIN_SELF = YES;
				CLANG_WARN_OBJC_LITERAL_CONVERSION = YES;
				CLANG_WARN_OBJC_ROOT_CLASS = YES_ERROR;
				CLANG_WARN_QUOTED_INCLUDE_IN_FRAMEWORK_HEADER = YES;
				CLANG_WARN_RANGE_LOOP_ANALYSIS = YES;
				CLANG_WARN_STRICT_PROTOTYPES = YES;
				CLANG_WARN_SUSPICIOUS_MOVE = YES;
				CLANG_WARN_UNGUARDED_AVAILABILITY = YES_AGGRESSIVE;
				CLANG_WARN_UNREACHABLE_CODE = YES;
				CLANG_WARN__DUPLICATE_METHOD_MATCH = YES;
				COPY_PHASE_STRIP = NO;
				DEBUG_INFORMATION_FORMAT = dwarf;
				ENABLE_STRICT_OBJC_MSGSEND = YES;
				ENABLE_TESTABILITY = YES;
				GCC_C_LANGUAGE_STANDARD = gnu11;
				GCC_DYNAMIC_NO_PIC = NO;
				GCC_NO_COMMON_BLOCKS = YES;
				GCC_OPTIMIZATION_LEVEL = 0;
				GCC_PREPROCESSOR_DEFINITIONS = (
					"DEBUG=1",
					"$(inherited)",
				);
				GCC_WARN_64_TO_32_BIT_CONVERSION = YES;
				GCC_WARN_ABOUT_RETURN_TYPE = YES_ERROR;
				GCC_WARN_UNDECLARED_SELECTOR = YES;
				GCC_WARN_UNINITIALIZED_AUTOS = YES_AGGRESSIVE;
				GCC_WARN_UNUSED_FUNCTION = YES;
				GCC_WARN_UNUSED_VARIABLE = YES;
				IPHONEOS_DEPLOYMENT_TARGET = 15.0;
				MTL_ENABLE_DEBUG_INFO = INCLUDE_SOURCE;
				MTL_FAST_MATH = YES;
				ONLY_ACTIVE_ARCH = YES;
				SDKROOT = iphoneos;
				SWIFT_ACTIVE_COMPILATION_CONDITIONS = DEBUG;
				SWIFT_OPTIMIZATION_LEVEL = "-Onone";
			};
			name = Debug;
		};
		C2B911D02700C79C00C31D1B /* Release */ = {
			isa = XCBuildConfiguration;
			buildSettings = {
				ALWAYS_SEARCH_USER_PATHS = NO;
				CLANG_ANALYZER_NONNULL = YES;
				CLANG_ANALYZER_NUMBER_OBJECT_CONVERSION = YES_AGGRESSIVE;
				CLANG_CXX_LANGUAGE_STANDARD = "gnu++17";
				CLANG_CXX_LIBRARY = "libc++";
				CLANG_ENABLE_MODULES = YES;
				CLANG_ENABLE_OBJC_ARC = YES;
				CLANG_ENABLE_OBJC_WEAK = YES;
				CLANG_WARN_BLOCK_CAPTURE_AUTORELEASING = YES;
				CLANG_WARN_BOOL_CONVERSION = YES;
				CLANG_WARN_COMMA = YES;
				CLANG_WARN_CONSTANT_CONVERSION = YES;
				CLANG_WARN_DEPRECATED_OBJC_IMPLEMENTATIONS = YES;
				CLANG_WARN_DIRECT_OBJC_ISA_USAGE = YES_ERROR;
				CLANG_WARN_DOCUMENTATION_COMMENTS = YES;
				CLANG_WARN_EMPTY_BODY = YES;
				CLANG_WARN_ENUM_CONVERSION = YES;
				CLANG_WARN_INFINITE_RECURSION = YES;
				CLANG_WARN_INT_CONVERSION = YES;
				CLANG_WARN_NON_LITERAL_NULL_CONVERSION = YES;
				CLANG_WARN_OBJC_IMPLICIT_RETAIN_SELF = YES;
				CLANG_WARN_OBJC_LITERAL_CONVERSION = YES;
				CLANG_WARN_OBJC_ROOT_CLASS = YES_ERROR;
				CLANG_WARN_QUOTED_INCLUDE_IN_FRAMEWORK_HEADER = YES;
				CLANG_WARN_RANGE_LOOP_ANALYSIS = YES;
				CLANG_WARN_STRICT_PROTOTYPES = YES;
				CLANG_WARN_SUSPICIOUS_MOVE = YES;
				CLANG_WARN_UNGUARDED_AVAILABILITY = YES_AGGRESSIVE;
				CLANG_WARN_UNREACHABLE_CODE = YES;
				CLANG_WARN__DUPLICATE_METHOD_MATCH = YES;
				COPY_PHASE_STRIP = NO;
				DEBUG_INFORMATION_FORMAT = "dwarf-with-dsym";
				ENABLE_NS_ASSERTIONS = NO;
				ENABLE_STRICT_OBJC_MSGSEND = YES;
				GCC_C_LANGUAGE_STANDARD = gnu11;
				GCC_NO_COMMON_BLOCKS = YES;
				GCC_WARN_64_TO_32_BIT_CONVERSION = YES;
				GCC_WARN_ABOUT_RETURN_TYPE = YES_ERROR;
				GCC_WARN_UNDECLARED_SELECTOR = YES;
				GCC_WARN_UNINITIALIZED_AUTOS = YES_AGGRESSIVE;
				GCC_WARN_UNUSED_FUNCTION = YES;
				GCC_WARN_UNUSED_VARIABLE = YES;
				IPHONEOS_DEPLOYMENT_TARGET = 15.0;
				MTL_ENABLE_DEBUG_INFO = NO;
				MTL_FAST_MATH = YES;
				SDKROOT = iphoneos;
				SWIFT_COMPILATION_MODE = wholemodule;
				SWIFT_OPTIMIZATION_LEVEL = "-O";
				VALIDATE_PRODUCT = YES;
			};
			name = Release;
		};
		C2B911D22700C79C00C31D1B /* Debug */ = {
			isa = XCBuildConfiguration;
			baseConfigurationReference = BB4DF2B2BC76D2E45A9E524E /* Pods-CreditCardList.debug.xcconfig */;
			buildSettings = {
				ASSETCATALOG_COMPILER_APPICON_NAME = AppIcon;
				ASSETCATALOG_COMPILER_GLOBAL_ACCENT_COLOR_NAME = AccentColor;
				CODE_SIGN_STYLE = Automatic;
				CURRENT_PROJECT_VERSION = 1;
				DEVELOPMENT_TEAM = 2VXBP2UH8J;
				GENERATE_INFOPLIST_FILE = YES;
				INFOPLIST_FILE = CreditCardList/Info.plist;
				INFOPLIST_KEY_UIApplicationSupportsIndirectInputEvents = YES;
				INFOPLIST_KEY_UILaunchStoryboardName = LaunchScreen;
				INFOPLIST_KEY_UIMainStoryboardFile = Main;
				INFOPLIST_KEY_UISupportedInterfaceOrientations_iPad = "UIInterfaceOrientationPortrait UIInterfaceOrientationPortraitUpsideDown UIInterfaceOrientationLandscapeLeft UIInterfaceOrientationLandscapeRight";
				INFOPLIST_KEY_UISupportedInterfaceOrientations_iPhone = "UIInterfaceOrientationPortrait UIInterfaceOrientationLandscapeLeft UIInterfaceOrientationLandscapeRight";
				LD_RUNPATH_SEARCH_PATHS = (
					"$(inherited)",
					"@executable_path/Frameworks",
				);
				MARKETING_VERSION = 1.0;
				PRODUCT_BUNDLE_IDENTIFIER = com.hyomin.CreditCardList;
				PRODUCT_NAME = "$(TARGET_NAME)";
				SWIFT_EMIT_LOC_STRINGS = YES;
				SWIFT_VERSION = 5.0;
				TARGETED_DEVICE_FAMILY = "1,2";
			};
			name = Debug;
		};
		C2B911D32700C79C00C31D1B /* Release */ = {
			isa = XCBuildConfiguration;
			baseConfigurationReference = 715EE5C451BE039596CC7956 /* Pods-CreditCardList.release.xcconfig */;
			buildSettings = {
				ASSETCATALOG_COMPILER_APPICON_NAME = AppIcon;
				ASSETCATALOG_COMPILER_GLOBAL_ACCENT_COLOR_NAME = AccentColor;
				CODE_SIGN_STYLE = Automatic;
				CURRENT_PROJECT_VERSION = 1;
				DEVELOPMENT_TEAM = 2VXBP2UH8J;
				GENERATE_INFOPLIST_FILE = YES;
				INFOPLIST_FILE = CreditCardList/Info.plist;
				INFOPLIST_KEY_UIApplicationSupportsIndirectInputEvents = YES;
				INFOPLIST_KEY_UILaunchStoryboardName = LaunchScreen;
				INFOPLIST_KEY_UIMainStoryboardFile = Main;
				INFOPLIST_KEY_UISupportedInterfaceOrientations_iPad = "UIInterfaceOrientationPortrait UIInterfaceOrientationPortraitUpsideDown UIInterfaceOrientationLandscapeLeft UIInterfaceOrientationLandscapeRight";
				INFOPLIST_KEY_UISupportedInterfaceOrientations_iPhone = "UIInterfaceOrientationPortrait UIInterfaceOrientationLandscapeLeft UIInterfaceOrientationLandscapeRight";
				LD_RUNPATH_SEARCH_PATHS = (
					"$(inherited)",
					"@executable_path/Frameworks",
				);
				MARKETING_VERSION = 1.0;
				PRODUCT_BUNDLE_IDENTIFIER = com.hyomin.CreditCardList;
				PRODUCT_NAME = "$(TARGET_NAME)";
				SWIFT_EMIT_LOC_STRINGS = YES;
				SWIFT_VERSION = 5.0;
				TARGETED_DEVICE_FAMILY = "1,2";
			};
			name = Release;
		};
/* End XCBuildConfiguration section */

/* Begin XCConfigurationList section */
		C2B911B82700C79C00C31D1B /* Build configuration list for PBXProject "CreditCardList" */ = {
			isa = XCConfigurationList;
			buildConfigurations = (
				C2B911CF2700C79C00C31D1B /* Debug */,
				C2B911D02700C79C00C31D1B /* Release */,
			);
			defaultConfigurationIsVisible = 0;
			defaultConfigurationName = Release;
		};
		C2B911D12700C79C00C31D1B /* Build configuration list for PBXNativeTarget "CreditCardList" */ = {
			isa = XCConfigurationList;
			buildConfigurations = (
				C2B911D22700C79C00C31D1B /* Debug */,
				C2B911D32700C79C00C31D1B /* Release */,
			);
			defaultConfigurationIsVisible = 0;
			defaultConfigurationName = Release;
		};
/* End XCConfigurationList section */
	};
	rootObject = C2B911B52700C79C00C31D1B /* Project object */;
}
